
Microsoft Visual Studio Solution File, Format Version 12.00
# Visual Studio 15
VisualStudioVersion = 15.0.27130.2026
MinimumVisualStudioVersion = 10.0.40219.1
Project("{E24C65DC-7377-472B-9ABA-BC803B73C61A}") = "ColorGameUdemy", "ColorGameUdemy\", "{905CEB7D-97A6-4E02-BF83-6FCC7CC6B286}"
	ProjectSection(WebsiteProperties) = preProject
		TargetFrameworkMoniker = ".NETFramework,Version%3Dv4.6.1"
		Debug.AspNetCompiler.VirtualPath = "/localhost_50702"
		Debug.AspNetCompiler.PhysicalPath = "ColorGameUdemy\"
		Debug.AspNetCompiler.TargetPath = "PrecompiledWeb\localhost_50702\"
		Debug.AspNetCompiler.Updateable = "true"
		Debug.AspNetCompiler.ForceOverwrite = "true"
		Debug.AspNetCompiler.FixedNames = "false"
		Debug.AspNetCompiler.Debug = "True"
		Release.AspNetCompiler.VirtualPath = "/localhost_50702"
		Release.AspNetCompiler.PhysicalPath = "ColorGameUdemy\"
		Release.AspNetCompiler.TargetPath = "PrecompiledWeb\localhost_50702\"
		Release.AspNetCompiler.Updateable = "true"
		Release.AspNetCompiler.ForceOverwrite = "true"
		Release.AspNetCompiler.FixedNames = "false"
		Release.AspNetCompiler.Debug = "False"
		VWDPort = "50702"
		DefaultWebSiteLanguage = "Visual C#"
	EndProjectSection
EndProject
Global
	GlobalSection(SolutionConfigurationPlatforms) = preSolution
		Debug|Any CPU = Debug|Any CPU
	EndGlobalSection
	GlobalSection(ProjectConfigurationPlatforms) = postSolution
		{905CEB7D-97A6-4E02-BF83-6FCC7CC6B286}.Debug|Any CPU.ActiveCfg = Debug|Any CPU
		{905CEB7D-97A6-4E02-BF83-6FCC7CC6B286}.Debug|Any CPU.Build.0 = Debug|Any CPU
	EndGlobalSection
	GlobalSection(SolutionProperties) = preSolution
		HideSolutionNode = FALSE
	EndGlobalSection
	GlobalSection(ExtensibilityGlobals) = postSolution
		SolutionGuid = {FF738198-1E9E-4C9A-B263-ED982A55E790}
	EndGlobalSection
EndGlobal
